{
  "version": 4,
  "terraform_version": "0.12.26",
  "serial": 227,
  "lineage": "802234c0-f581-d5aa-b901-7d83d001ad3d",
  "outputs": {
    "Cloudfrontdomain": {
      "value": "d3naloxssxczsv.cloudfront.net",
      "type": "string"
    },
    "Webip": {
      "value": "52.66.209.7",
      "type": "string"
    }
  },
  "resources": [
    {
      "mode": "data",
      "type": "aws_iam_policy_document",
      "name": "s3Policy",
      "provider": "provider.aws",
      "instances": [
        {
          "schema_version": 0,
          "attributes": {
            "id": "2546587558",
            "json": "{\n  \"Version\": \"2012-10-17\",\n  \"Statement\": [\n    {\n      \"Sid\": \"\",\n      \"Effect\": \"Allow\",\n      \"Action\": \"s3:GetObject\",\n      \"Resource\": \"arn:aws:s3:::surin-bucket/*\",\n      \"Principal\": {\n        \"AWS\": \"arn:aws:iam::cloudfront:user/CloudFront Origin Access Identity E51ZIYA5MTRNR\"\n      }\n    },\n    {\n      \"Sid\": \"\",\n      \"Effect\": \"Allow\",\n      \"Action\": \"s3:ListBucket\",\n      \"Resource\": \"arn:aws:s3:::surin-bucket\",\n      \"Principal\": {\n        \"AWS\": \"arn:aws:iam::cloudfront:user/CloudFront Origin Access Identity E51ZIYA5MTRNR\"\n      }\n    }\n  ]\n}",
            "override_json": null,
            "policy_id": null,
            "source_json": null,
            "statement": [
              {
                "actions": [
                  "s3:GetObject"
                ],
                "condition": [],
                "effect": "Allow",
                "not_actions": [],
                "not_principals": [],
                "not_resources": [],
                "principals": [
                  {
                    "identifiers": [
                      "arn:aws:iam::cloudfront:user/CloudFront Origin Access Identity E51ZIYA5MTRNR"
                    ],
                    "type": "AWS"
                  }
                ],
                "resources": [
                  "arn:aws:s3:::surin-bucket/*"
                ],
                "sid": ""
              },
              {
                "actions": [
                  "s3:ListBucket"
                ],
                "condition": [],
                "effect": "Allow",
                "not_actions": [],
                "not_principals": [],
                "not_resources": [],
                "principals": [
                  {
                    "identifiers": [
                      "arn:aws:iam::cloudfront:user/CloudFront Origin Access Identity E51ZIYA5MTRNR"
                    ],
                    "type": "AWS"
                  }
                ],
                "resources": [
                  "arn:aws:s3:::surin-bucket"
                ],
                "sid": ""
              }
            ],
            "version": "2012-10-17"
          }
        }
      ]
    },
    {
      "mode": "managed",
      "type": "aws_cloudfront_distribution",
      "name": "s3Distribution",
      "provider": "provider.aws",
      "instances": [
        {
          "schema_version": 1,
          "attributes": {
            "active_trusted_signers": {
              "enabled": "false",
              "items.#": "0"
            },
            "aliases": null,
            "arn": "arn:aws:cloudfront::317303831192:distribution/E2ETJKQCOXOTG9",
            "cache_behavior": [],
            "caller_reference": "terraform-20200616095529963000000002",
            "comment": null,
            "custom_error_response": [],
            "default_cache_behavior": [
              {
                "allowed_methods": [
                  "DELETE",
                  "GET",
                  "HEAD",
                  "OPTIONS",
                  "PATCH",
                  "POST",
                  "PUT"
                ],
                "cached_methods": [
                  "GET",
                  "HEAD"
                ],
                "compress": false,
                "default_ttl": 3600,
                "field_level_encryption_id": "",
                "forwarded_values": [
                  {
                    "cookies": [
                      {
                        "forward": "none",
                        "whitelisted_names": null
                      }
                    ],
                    "headers": null,
                    "query_string": false,
                    "query_string_cache_keys": null
                  }
                ],
                "lambda_function_association": [],
                "max_ttl": 86400,
                "min_ttl": 0,
                "smooth_streaming": false,
                "target_origin_id": "S3-surin-bucket",
                "trusted_signers": null,
                "viewer_protocol_policy": "allow-all"
              }
            ],
            "default_root_object": "",
            "domain_name": "d3naloxssxczsv.cloudfront.net",
            "enabled": true,
            "etag": "E32UJ0SKQN9084",
            "hosted_zone_id": "Z2FDTNDATAQYW2",
            "http_version": "http2",
            "id": "E2ETJKQCOXOTG9",
            "in_progress_validation_batches": 0,
            "is_ipv6_enabled": true,
            "last_modified_time": "2020-06-16 09:55:31.611 +0000 UTC",
            "logging_config": [],
            "ordered_cache_behavior": [],
            "origin": [
              {
                "custom_header": [],
                "custom_origin_config": [],
                "domain_name": "surin-bucket.s3.ap-south-1.amazonaws.com",
                "origin_id": "S3-surin-bucket",
                "origin_path": "",
                "s3_origin_config": [
                  {
                    "origin_access_identity": "origin-access-identity/cloudfront/E51ZIYA5MTRNR"
                  }
                ]
              }
            ],
            "origin_group": [],
            "price_class": "PriceClass_All",
            "restrictions": [
              {
                "geo_restriction": [
                  {
                    "locations": [
                      "CA",
                      "IN",
                      "US"
                    ],
                    "restriction_type": "whitelist"
                  }
                ]
              }
            ],
            "retain_on_delete": false,
            "status": "InProgress",
            "tags": {
              "Environment": "Production"
            },
            "viewer_certificate": [
              {
                "acm_certificate_arn": "",
                "cloudfront_default_certificate": true,
                "iam_certificate_id": "",
                "minimum_protocol_version": "TLSv1",
                "ssl_support_method": ""
              }
            ],
            "wait_for_deployment": false,
            "web_acl_id": ""
          },
          "private": "eyJzY2hlbWFfdmVyc2lvbiI6IjEifQ==",
          "dependencies": [
            "aws_cloudfront_origin_access_identity.originAccessIdentity",
            "aws_s3_bucket.webBucket"
          ]
        }
      ]
    },
    {
      "mode": "managed",
      "type": "aws_cloudfront_origin_access_identity",
      "name": "originAccessIdentity",
      "provider": "provider.aws",
      "instances": [
        {
          "schema_version": 0,
          "attributes": {
            "caller_reference": "terraform-20200616095517715200000001",
            "cloudfront_access_identity_path": "origin-access-identity/cloudfront/E51ZIYA5MTRNR",
            "comment": "access-identity-surin-bucket",
            "etag": "E2BYJ2OACEHUZ0",
            "iam_arn": "arn:aws:iam::cloudfront:user/CloudFront Origin Access Identity E51ZIYA5MTRNR",
            "id": "E51ZIYA5MTRNR",
            "s3_canonical_user_id": "572a50ca9ffced62c56cd5b5fa2f76c7af5795a0b8660db990d8a4049d06a1f8d922f03f27bd53900dbeb0105805da3e"
          },
          "private": "bnVsbA=="
        }
      ]
    },
    {
      "mode": "managed",
      "type": "aws_ebs_volume",
      "name": "ebsWebVol",
      "provider": "provider.aws",
      "instances": [
        {
          "schema_version": 0,
          "attributes": {
            "arn": "arn:aws:ec2:ap-south-1:317303831192:volume/vol-03fea9f8d2ee6c68d",
            "availability_zone": "ap-south-1a",
            "encrypted": false,
            "id": "vol-03fea9f8d2ee6c68d",
            "iops": 100,
            "kms_key_id": "",
            "multi_attach_enabled": false,
            "outpost_arn": "",
            "size": 1,
            "snapshot_id": "",
            "tags": {
              "Name": "web-vol1"
            },
            "type": "gp2"
          },
          "private": "bnVsbA==",
          "dependencies": [
            "aws_instance.web",
            "aws_key_pair.newKey",
            "aws_security_group.webServerFirewall",
            "tls_private_key.keyGenerate"
          ]
        }
      ]
    },
    {
      "mode": "managed",
      "type": "aws_instance",
      "name": "web",
      "provider": "provider.aws",
      "instances": [
        {
          "schema_version": 1,
          "attributes": {
            "ami": "ami-052c08d70def0ac62",
            "arn": "arn:aws:ec2:ap-south-1:317303831192:instance/i-053d8d74a56d6a60f",
            "associate_public_ip_address": true,
            "availability_zone": "ap-south-1a",
            "cpu_core_count": 1,
            "cpu_threads_per_core": 1,
            "credit_specification": [
              {
                "cpu_credits": "standard"
              }
            ],
            "disable_api_termination": false,
            "ebs_block_device": [],
            "ebs_optimized": false,
            "ephemeral_block_device": [],
            "get_password_data": false,
            "hibernation": false,
            "host_id": null,
            "iam_instance_profile": "",
            "id": "i-053d8d74a56d6a60f",
            "instance_initiated_shutdown_behavior": null,
            "instance_state": "running",
            "instance_type": "t2.micro",
            "ipv6_address_count": 0,
            "ipv6_addresses": [],
            "key_name": "mykey2",
            "metadata_options": [
              {
                "http_endpoint": "enabled",
                "http_put_response_hop_limit": 1,
                "http_tokens": "optional"
              }
            ],
            "monitoring": false,
            "network_interface": [],
            "network_interface_id": null,
            "outpost_arn": "",
            "password_data": "",
            "placement_group": "",
            "primary_network_interface_id": "eni-0f486ec5f7fa036a7",
            "private_dns": "ip-172-31-47-157.ap-south-1.compute.internal",
            "private_ip": "172.31.47.157",
            "public_dns": "ec2-52-66-209-7.ap-south-1.compute.amazonaws.com",
            "public_ip": "52.66.209.7",
            "root_block_device": [
              {
                "delete_on_termination": true,
                "device_name": "/dev/sda1",
                "encrypted": false,
                "iops": 100,
                "kms_key_id": "",
                "volume_id": "vol-016e60233901e5695",
                "volume_size": 10,
                "volume_type": "gp2"
              }
            ],
            "security_groups": [
              "webFirewall"
            ],
            "source_dest_check": true,
            "subnet_id": "subnet-1254517a",
            "tags": {
              "Name": "web-os"
            },
            "tenancy": "default",
            "timeouts": null,
            "user_data": null,
            "user_data_base64": null,
            "volume_tags": {},
            "vpc_security_group_ids": [
              "sg-016c70294b4bf3a2f"
            ]
          },
          "private": "eyJlMmJmYjczMC1lY2FhLTExZTYtOGY4OC0zNDM2M2JjN2M0YzAiOnsiY3JlYXRlIjo2MDAwMDAwMDAwMDAsImRlbGV0ZSI6MTIwMDAwMDAwMDAwMCwidXBkYXRlIjo2MDAwMDAwMDAwMDB9LCJzY2hlbWFfdmVyc2lvbiI6IjEifQ==",
          "dependencies": [
            "aws_key_pair.newKey",
            "aws_security_group.webServerFirewall",
            "tls_private_key.keyGenerate"
          ]
        }
      ]
    },
    {
      "mode": "managed",
      "type": "aws_key_pair",
      "name": "newKey",
      "provider": "provider.aws",
      "instances": [
        {
          "schema_version": 1,
          "attributes": {
            "fingerprint": "5e:54:20:4a:86:6c:60:5d:29:77:a3:b2:9c:3a:83:6e",
            "id": "mykey2",
            "key_name": "mykey2",
            "key_name_prefix": null,
            "key_pair_id": "key-0280592cc2064775a",
            "public_key": "ssh-rsa AAAAB3NzaC1yc2EAAAADAQABAAABAQDahNJGUglhpJ7CMow7zVRSd0DjZW2ZX5OzewLFM41sFNy+q1IxsRoQOV0n1jfN24wFps2wXNHWML3zuVoVwKZ/K+dFycrosPw+CBNGW+cMZabUlamt5i24HxeDffvVPtfgVqvH/w8QXv+4tAp5RXrPbgCy0O4Vocs8unVnO6g3fo+MYrEqYe/g5svK5xUh0nK7BCeTOQukPjUilzzkGd2ErHpGq2EIzXjMn6bCkmwgd1JwwnS1kvaZe11hrnaT18Ka3XX+Ac+Mo/85aCbjZJtkZXtfEfTbygl/jHTbA1Gh30PbYQQdtvH3xj1nRc3BZNe7+dkz7KDrQ9y6VTuqSwTf",
            "tags": null
          },
          "private": "eyJzY2hlbWFfdmVyc2lvbiI6IjEifQ==",
          "dependencies": [
            "tls_private_key.keyGenerate"
          ]
        }
      ]
    },
    {
      "mode": "managed",
      "type": "aws_s3_bucket",
      "name": "webBucket",
      "provider": "provider.aws",
      "instances": [
        {
          "schema_version": 0,
          "attributes": {
            "acceleration_status": "",
            "acl": "private",
            "arn": "arn:aws:s3:::surin-bucket",
            "bucket": "surin-bucket",
            "bucket_domain_name": "surin-bucket.s3.amazonaws.com",
            "bucket_prefix": null,
            "bucket_regional_domain_name": "surin-bucket.s3.ap-south-1.amazonaws.com",
            "cors_rule": [],
            "force_destroy": true,
            "grant": [],
            "hosted_zone_id": "Z11RGJOFQNVJUP",
            "id": "surin-bucket",
            "lifecycle_rule": [],
            "logging": [],
            "object_lock_configuration": [],
            "policy": null,
            "region": "ap-south-1",
            "replication_configuration": [],
            "request_payer": "BucketOwner",
            "server_side_encryption_configuration": [],
            "tags": {
              "Name": "Web-bucket"
            },
            "versioning": [
              {
                "enabled": false,
                "mfa_delete": false
              }
            ],
            "website": [],
            "website_domain": null,
            "website_endpoint": null
          },
          "private": "bnVsbA=="
        }
      ]
    },
    {
      "mode": "managed",
      "type": "aws_s3_bucket_policy",
      "name": "bucketReadPolicy",
      "provider": "provider.aws",
      "instances": [
        {
          "schema_version": 0,
          "attributes": {
            "bucket": "surin-bucket",
            "id": "surin-bucket",
            "policy": "{\n  \"Version\": \"2012-10-17\",\n  \"Statement\": [\n    {\n      \"Sid\": \"\",\n      \"Effect\": \"Allow\",\n      \"Action\": \"s3:GetObject\",\n      \"Resource\": \"arn:aws:s3:::surin-bucket/*\",\n      \"Principal\": {\n        \"AWS\": \"arn:aws:iam::cloudfront:user/CloudFront Origin Access Identity E51ZIYA5MTRNR\"\n      }\n    },\n    {\n      \"Sid\": \"\",\n      \"Effect\": \"Allow\",\n      \"Action\": \"s3:ListBucket\",\n      \"Resource\": \"arn:aws:s3:::surin-bucket\",\n      \"Principal\": {\n        \"AWS\": \"arn:aws:iam::cloudfront:user/CloudFront Origin Access Identity E51ZIYA5MTRNR\"\n      }\n    }\n  ]\n}"
          },
          "private": "bnVsbA==",
          "dependencies": [
            "aws_cloudfront_origin_access_identity.originAccessIdentity",
            "aws_s3_bucket.webBucket"
          ]
        }
      ]
    },
    {
      "mode": "managed",
      "type": "aws_security_group",
      "name": "webServerFirewall",
      "provider": "provider.aws",
      "instances": [
        {
          "schema_version": 1,
          "attributes": {
            "arn": "arn:aws:ec2:ap-south-1:317303831192:security-group/sg-016c70294b4bf3a2f",
            "description": "SSH and HTTP access",
            "egress": [
              {
                "cidr_blocks": [
                  "0.0.0.0/0"
                ],
                "description": "",
                "from_port": 0,
                "ipv6_cidr_blocks": [],
                "prefix_list_ids": [],
                "protocol": "-1",
                "security_groups": [],
                "self": false,
                "to_port": 0
              }
            ],
            "id": "sg-016c70294b4bf3a2f",
            "ingress": [
              {
                "cidr_blocks": [
                  "0.0.0.0/0"
                ],
                "description": "",
                "from_port": 22,
                "ipv6_cidr_blocks": [],
                "prefix_list_ids": [],
                "protocol": "tcp",
                "security_groups": [],
                "self": false,
                "to_port": 22
              },
              {
                "cidr_blocks": [
                  "0.0.0.0/0"
                ],
                "description": "",
                "from_port": 80,
                "ipv6_cidr_blocks": [],
                "prefix_list_ids": [],
                "protocol": "tcp",
                "security_groups": [],
                "self": false,
                "to_port": 80
              }
            ],
            "name": "webFirewall",
            "name_prefix": null,
            "owner_id": "317303831192",
            "revoke_rules_on_delete": false,
            "tags": {
              "Name": "webFirewall"
            },
            "timeouts": null,
            "vpc_id": "vpc-91617df9"
          },
          "private": "eyJlMmJmYjczMC1lY2FhLTExZTYtOGY4OC0zNDM2M2JjN2M0YzAiOnsiY3JlYXRlIjo2MDAwMDAwMDAwMDAsImRlbGV0ZSI6NjAwMDAwMDAwMDAwfSwic2NoZW1hX3ZlcnNpb24iOiIxIn0="
        }
      ]
    },
    {
      "mode": "managed",
      "type": "aws_volume_attachment",
      "name": "ebsAttach",
      "provider": "provider.aws",
      "instances": [
        {
          "schema_version": 0,
          "attributes": {
            "device_name": "/dev/sdh",
            "force_detach": true,
            "id": "vai-336095355",
            "instance_id": "i-053d8d74a56d6a60f",
            "skip_destroy": null,
            "volume_id": "vol-03fea9f8d2ee6c68d"
          },
          "private": "bnVsbA==",
          "dependencies": [
            "aws_ebs_volume.ebsWebVol",
            "aws_instance.web",
            "aws_key_pair.newKey",
            "aws_security_group.webServerFirewall",
            "tls_private_key.keyGenerate"
          ]
        }
      ]
    },
    {
      "mode": "managed",
      "type": "local_file",
      "name": "keySave",
      "provider": "provider.local",
      "instances": [
        {
          "schema_version": 0,
          "attributes": {
            "content": "-----BEGIN RSA PRIVATE KEY-----\nMIIEpAIBAAKCAQEA2oTSRlIJYaSewjKMO81UUndA42VtmV+Ts3sCxTONbBTcvqtS\nMbEaEDldJ9Y3zduMBabNsFzR1jC987laFcCmfyvnRcnK6LD8PggTRlvnDGWm1JWp\nreYtuB8Xg3371T7X4Farx/8PEF7/uLQKeUV6z24AstDuFaHLPLp1ZzuoN36PjGKx\nKmHv4ObLyucVIdJyuwQnkzkLpD41Ipc85BndhKx6RqthCM14zJ+mwpJsIHdScMJ0\ntZL2mXtdYa52k9fCmt11/gHPjKP/OWgm42SbZGV7XxH028oJf4x02wNRod9D22EE\nHbbx98Y9Z0XNwWTXu/nZM+yg60PculU7qksE3wIDAQABAoIBAD0/VzSwj8KXgowJ\n4PZuEcFffYd/CV4gxORciSU+0tfFbS3gFRSqgBSmD284AsInVDLNUv+otIPle4hR\nnmdUbRZd9t+/tKjN2pWEa+qfnb4Cy+Tv4fRE/PGLfWq0qB5YE+fkQxe2bMF47xIV\nHI5rJAX53iZAm0ri43UtCfUaaobK5Nc3zZHPsBtUq1GOpor25Ipn9SXbyDt6jwKm\nmdWNtPKDbQ6uDCKTZ57T9J2V/MBuxiav8Qx3M91VUwNfNTz9gxmUA1Z/Gy56jJWY\nEr1yRjupUv56dSYUk3SCjKneuqetO8YWn2VzhOnZyOdMdBvW5Vk6Rw0o6LXzIKTE\ncgZs7MECgYEA7v+dENZxvsOevWDME3QZx7fU9MZjJBxFd20Md/Vc4Gjwt3afjzls\n4/54Vk+1u07qmdj9GW++kavEl+YlZ+Yr4NOhmwBM/WQXpxSRXOOle/8++EVoOHTM\nggES6eiYF51/XyhPsrF4f8a4iujx6LkfrTEdx8DlByoK2/Tyl6TkOaECgYEA6hBB\nDRR3vVfqYUAA8aEMB321FDK2aBeI4TParK5NWaTO0XVfqg3uSPzDYhlFCu0fbDba\n5GN4GhwetIaq5pD6xn1B1dr01fuXvlajlOTD6EbtpFdzhy9mwan06A0PXRqFci23\nq+zy60DHMh98FPhI8LtkTscjHPSGd8bHGRqHrn8CgYEA1V2GT13jNjdWJCOijUt9\nKHvJtqzWHYrPyYqlMwLt47pMDL3uPOM7f1/S9ts6lvohHzBE5MyKCWqbnDBu/I7U\nZWcKQ2LFWQJey17lV1Q0jLqW8Pal0KEVYoqq5AAuqAaHi+BlJlaiCRDT9893CBkd\nWnUa7RYcYYT7JNtNKGyhA4ECgYA2jeFLliiudg5H6m4N43Z1TIRnF8bSDiI2MyrV\nsq6OpU4bHdtVPHf8hQVZGQCxokD/rO1p7BEzLLivZO/yW3pHxywQFz+XnFNq5rCr\n5IIQ4m9DLarcqFyv6NgPOfQJxEO0MBmuNcUMtgV3lkUKcjA2A8dGYT264vdwdWE0\nZa2YKwKBgQDCY1DyLIaKdb6KF4PNKziEMiTs1C3adp+MzojJMG2EsE+0J/ZFtdm+\nchvD1i8GoFghATnyxDLvpVjO0qgqEHIJNL+87W3ZOVpobtZ6IVv7XEBQnswiPxAj\npqJdyItqWArqnCWWGbvUuq4K6n1ESrq/ZVW2TmwyUfzxusi+RrtUMA==\n-----END RSA PRIVATE KEY-----\n",
            "content_base64": null,
            "directory_permission": "0777",
            "file_permission": "0777",
            "filename": "mykey2.pem",
            "id": "9b3fd0cfbc2327c13e29bc7ccd797ee7219c8e9b",
            "sensitive_content": null
          },
          "private": "bnVsbA==",
          "dependencies": [
            "tls_private_key.keyGenerate"
          ]
        }
      ]
    },
    {
      "mode": "managed",
      "type": "null_resource",
      "name": "copyS3",
      "provider": "provider.null",
      "instances": [
        {
          "schema_version": 0,
          "attributes": {
            "id": "4445600141174807296",
            "triggers": null
          },
          "private": "bnVsbA==",
          "dependencies": [
            "aws_s3_bucket.webBucket"
          ]
        }
      ]
    },
    {
      "mode": "managed",
      "type": "null_resource",
      "name": "mountEbs",
      "provider": "provider.null",
      "instances": [
        {
          "schema_version": 0,
          "attributes": {
            "id": "7229345777943718876",
            "triggers": null
          },
          "private": "bnVsbA==",
          "dependencies": [
            "aws_ebs_volume.ebsWebVol",
            "aws_instance.web",
            "aws_key_pair.newKey",
            "aws_security_group.webServerFirewall",
            "aws_volume_attachment.ebsAttach",
            "tls_private_key.keyGenerate"
          ]
        }
      ]
    },
    {
      "mode": "managed",
      "type": "null_resource",
      "name": "showSite",
      "provider": "provider.null",
      "instances": [
        {
          "schema_version": 0,
          "attributes": {
            "id": "5459409442041845785",
            "triggers": null
          },
          "private": "bnVsbA==",
          "dependencies": [
            "aws_cloudfront_distribution.s3Distribution",
            "aws_cloudfront_origin_access_identity.originAccessIdentity",
            "aws_ebs_volume.ebsWebVol",
            "aws_instance.web",
            "aws_key_pair.newKey",
            "aws_s3_bucket.webBucket",
            "aws_security_group.webServerFirewall",
            "aws_volume_attachment.ebsAttach",
            "null_resource.mountEbs",
            "null_resource.updateURL",
            "tls_private_key.keyGenerate"
          ]
        }
      ]
    },
    {
      "mode": "managed",
      "type": "null_resource",
      "name": "updateURL",
      "provider": "provider.null",
      "instances": [
        {
          "schema_version": 0,
          "attributes": {
            "id": "4322268243598587842",
            "triggers": null
          },
          "private": "bnVsbA==",
          "dependencies": [
            "aws_cloudfront_distribution.s3Distribution",
            "aws_cloudfront_origin_access_identity.originAccessIdentity",
            "aws_ebs_volume.ebsWebVol",
            "aws_instance.web",
            "aws_key_pair.newKey",
            "aws_s3_bucket.webBucket",
            "aws_security_group.webServerFirewall",
            "aws_volume_attachment.ebsAttach",
            "null_resource.mountEbs",
            "tls_private_key.keyGenerate"
          ]
        }
      ]
    },
    {
      "mode": "managed",
      "type": "tls_private_key",
      "name": "keyGenerate",
      "provider": "provider.tls",
      "instances": [
        {
          "schema_version": 0,
          "attributes": {
            "algorithm": "RSA",
            "ecdsa_curve": "P224",
            "id": "2b8e04febd0435b3cfa15092c4a3fd1cea21cdb5",
            "private_key_pem": "-----BEGIN RSA PRIVATE KEY-----\nMIIEpAIBAAKCAQEA2oTSRlIJYaSewjKMO81UUndA42VtmV+Ts3sCxTONbBTcvqtS\nMbEaEDldJ9Y3zduMBabNsFzR1jC987laFcCmfyvnRcnK6LD8PggTRlvnDGWm1JWp\nreYtuB8Xg3371T7X4Farx/8PEF7/uLQKeUV6z24AstDuFaHLPLp1ZzuoN36PjGKx\nKmHv4ObLyucVIdJyuwQnkzkLpD41Ipc85BndhKx6RqthCM14zJ+mwpJsIHdScMJ0\ntZL2mXtdYa52k9fCmt11/gHPjKP/OWgm42SbZGV7XxH028oJf4x02wNRod9D22EE\nHbbx98Y9Z0XNwWTXu/nZM+yg60PculU7qksE3wIDAQABAoIBAD0/VzSwj8KXgowJ\n4PZuEcFffYd/CV4gxORciSU+0tfFbS3gFRSqgBSmD284AsInVDLNUv+otIPle4hR\nnmdUbRZd9t+/tKjN2pWEa+qfnb4Cy+Tv4fRE/PGLfWq0qB5YE+fkQxe2bMF47xIV\nHI5rJAX53iZAm0ri43UtCfUaaobK5Nc3zZHPsBtUq1GOpor25Ipn9SXbyDt6jwKm\nmdWNtPKDbQ6uDCKTZ57T9J2V/MBuxiav8Qx3M91VUwNfNTz9gxmUA1Z/Gy56jJWY\nEr1yRjupUv56dSYUk3SCjKneuqetO8YWn2VzhOnZyOdMdBvW5Vk6Rw0o6LXzIKTE\ncgZs7MECgYEA7v+dENZxvsOevWDME3QZx7fU9MZjJBxFd20Md/Vc4Gjwt3afjzls\n4/54Vk+1u07qmdj9GW++kavEl+YlZ+Yr4NOhmwBM/WQXpxSRXOOle/8++EVoOHTM\nggES6eiYF51/XyhPsrF4f8a4iujx6LkfrTEdx8DlByoK2/Tyl6TkOaECgYEA6hBB\nDRR3vVfqYUAA8aEMB321FDK2aBeI4TParK5NWaTO0XVfqg3uSPzDYhlFCu0fbDba\n5GN4GhwetIaq5pD6xn1B1dr01fuXvlajlOTD6EbtpFdzhy9mwan06A0PXRqFci23\nq+zy60DHMh98FPhI8LtkTscjHPSGd8bHGRqHrn8CgYEA1V2GT13jNjdWJCOijUt9\nKHvJtqzWHYrPyYqlMwLt47pMDL3uPOM7f1/S9ts6lvohHzBE5MyKCWqbnDBu/I7U\nZWcKQ2LFWQJey17lV1Q0jLqW8Pal0KEVYoqq5AAuqAaHi+BlJlaiCRDT9893CBkd\nWnUa7RYcYYT7JNtNKGyhA4ECgYA2jeFLliiudg5H6m4N43Z1TIRnF8bSDiI2MyrV\nsq6OpU4bHdtVPHf8hQVZGQCxokD/rO1p7BEzLLivZO/yW3pHxywQFz+XnFNq5rCr\n5IIQ4m9DLarcqFyv6NgPOfQJxEO0MBmuNcUMtgV3lkUKcjA2A8dGYT264vdwdWE0\nZa2YKwKBgQDCY1DyLIaKdb6KF4PNKziEMiTs1C3adp+MzojJMG2EsE+0J/ZFtdm+\nchvD1i8GoFghATnyxDLvpVjO0qgqEHIJNL+87W3ZOVpobtZ6IVv7XEBQnswiPxAj\npqJdyItqWArqnCWWGbvUuq4K6n1ESrq/ZVW2TmwyUfzxusi+RrtUMA==\n-----END RSA PRIVATE KEY-----\n",
            "public_key_fingerprint_md5": "08:03:83:5e:b8:14:a6:5f:ff:1f:62:60:06:fc:dc:34",
            "public_key_openssh": "ssh-rsa AAAAB3NzaC1yc2EAAAADAQABAAABAQDahNJGUglhpJ7CMow7zVRSd0DjZW2ZX5OzewLFM41sFNy+q1IxsRoQOV0n1jfN24wFps2wXNHWML3zuVoVwKZ/K+dFycrosPw+CBNGW+cMZabUlamt5i24HxeDffvVPtfgVqvH/w8QXv+4tAp5RXrPbgCy0O4Vocs8unVnO6g3fo+MYrEqYe/g5svK5xUh0nK7BCeTOQukPjUilzzkGd2ErHpGq2EIzXjMn6bCkmwgd1JwwnS1kvaZe11hrnaT18Ka3XX+Ac+Mo/85aCbjZJtkZXtfEfTbygl/jHTbA1Gh30PbYQQdtvH3xj1nRc3BZNe7+dkz7KDrQ9y6VTuqSwTf\n",
            "public_key_pem": "-----BEGIN PUBLIC KEY-----\nMIIBIjANBgkqhkiG9w0BAQEFAAOCAQ8AMIIBCgKCAQEA2oTSRlIJYaSewjKMO81U\nUndA42VtmV+Ts3sCxTONbBTcvqtSMbEaEDldJ9Y3zduMBabNsFzR1jC987laFcCm\nfyvnRcnK6LD8PggTRlvnDGWm1JWpreYtuB8Xg3371T7X4Farx/8PEF7/uLQKeUV6\nz24AstDuFaHLPLp1ZzuoN36PjGKxKmHv4ObLyucVIdJyuwQnkzkLpD41Ipc85Bnd\nhKx6RqthCM14zJ+mwpJsIHdScMJ0tZL2mXtdYa52k9fCmt11/gHPjKP/OWgm42Sb\nZGV7XxH028oJf4x02wNRod9D22EEHbbx98Y9Z0XNwWTXu/nZM+yg60PculU7qksE\n3wIDAQAB\n-----END PUBLIC KEY-----\n",
            "rsa_bits": 2048
          },
          "private": "bnVsbA=="
        }
      ]
    }
  ]
}
